// !$*UTF8*$!
{
	archiveVersion = 1;
	classes = {
	};
	objectVersion = 50;
	objects = {

/* Begin PBXBuildFile section */
		0CAC103A1206E8ADA217B3DC /* libPods-Feast-fbu.a in Frameworks */ = {isa = PBXBuildFile; fileRef = EE32C27C5AAC604438835E5A /* libPods-Feast-fbu.a */; };
		2135FC7E21067F6400543AF7 /* Timeline.storyboard in Resources */ = {isa = PBXBuildFile; fileRef = 2135FC7D21067F6400543AF7 /* Timeline.storyboard */; };
		2135FC812106819800543AF7 /* TimelineViewController.m in Sources */ = {isa = PBXBuildFile; fileRef = 2135FC802106819800543AF7 /* TimelineViewController.m */; };
		2135FC84210681EB00543AF7 /* TimelineViewCell.m in Sources */ = {isa = PBXBuildFile; fileRef = 2135FC83210681EB00543AF7 /* TimelineViewCell.m */; };
		214F5DA2210A9F0E00A47BC8 /* SuggestedTableViewCell.m in Sources */ = {isa = PBXBuildFile; fileRef = 214F5DA1210A9F0E00A47BC8 /* SuggestedTableViewCell.m */; };
		214F5DA8210A9F5400A47BC8 /* SuggestedViewController.m in Sources */ = {isa = PBXBuildFile; fileRef = 214F5DA7210A9F5400A47BC8 /* SuggestedViewController.m */; };
		290F36F92106B1FB00A1B704 /* Saved.m in Sources */ = {isa = PBXBuildFile; fileRef = 290F36F82106B1FB00A1B704 /* Saved.m */; };
		297420762106551200B30175 /* DetailedPost.storyboard in Resources */ = {isa = PBXBuildFile; fileRef = 297420742106551200B30175 /* DetailedPost.storyboard */; };
		297420792106557500B30175 /* DetailedPostViewController.m in Sources */ = {isa = PBXBuildFile; fileRef = 297420782106557500B30175 /* DetailedPostViewController.m */; };
		2981333820FFEDF6003FD11C /* AppDelegate.m in Sources */ = {isa = PBXBuildFile; fileRef = 2981333720FFEDF6003FD11C /* AppDelegate.m */; };
		2981333E20FFEDF6003FD11C /* Main.storyboard in Resources */ = {isa = PBXBuildFile; fileRef = 2981333C20FFEDF6003FD11C /* Main.storyboard */; };
		2981334020FFEDF7003FD11C /* Assets.xcassets in Resources */ = {isa = PBXBuildFile; fileRef = 2981333F20FFEDF7003FD11C /* Assets.xcassets */; };
		2981334320FFEDF7003FD11C /* LaunchScreen.storyboard in Resources */ = {isa = PBXBuildFile; fileRef = 2981334120FFEDF7003FD11C /* LaunchScreen.storyboard */; };
		2981334620FFEDF7003FD11C /* main.m in Sources */ = {isa = PBXBuildFile; fileRef = 2981334520FFEDF7003FD11C /* main.m */; };
		2981335020FFEDF7003FD11C /* Feast_fbuTests.m in Sources */ = {isa = PBXBuildFile; fileRef = 2981334F20FFEDF7003FD11C /* Feast_fbuTests.m */; };
		2981335B20FFEDF7003FD11C /* Feast_fbuUITests.m in Sources */ = {isa = PBXBuildFile; fileRef = 2981335A20FFEDF7003FD11C /* Feast_fbuUITests.m */; };
		29853C3A2108FC5F00971E56 /* SavedRecipes.storyboard in Resources */ = {isa = PBXBuildFile; fileRef = 29853C382108FC5F00971E56 /* SavedRecipes.storyboard */; };
		29853C3D2108FE1E00971E56 /* SavedRecipesViewController.m in Sources */ = {isa = PBXBuildFile; fileRef = 29853C3C2108FE1E00971E56 /* SavedRecipesViewController.m */; };
		29853C402108FE5200971E56 /* SavedRecipesCollectionViewCell.m in Sources */ = {isa = PBXBuildFile; fileRef = 29853C3F2108FE5200971E56 /* SavedRecipesCollectionViewCell.m */; };
		298E336B210016BC00290BF4 /* Discovery.storyboard in Resources */ = {isa = PBXBuildFile; fileRef = 298E336A210016BC00290BF4 /* Discovery.storyboard */; };
		298E336D210019A000290BF4 /* Leaderboard.storyboard in Resources */ = {isa = PBXBuildFile; fileRef = 298E336C210019A000290BF4 /* Leaderboard.storyboard */; };
		298E336F21001A2500290BF4 /* Profile.storyboard in Resources */ = {isa = PBXBuildFile; fileRef = 298E336E21001A2500290BF4 /* Profile.storyboard */; };
		298E33722100F23800290BF4 /* Recipe.m in Sources */ = {isa = PBXBuildFile; fileRef = 298E33712100F23800290BF4 /* Recipe.m */; };
		298E33752100F82500290BF4 /* ProfileViewController.m in Sources */ = {isa = PBXBuildFile; fileRef = 298E33742100F82500290BF4 /* ProfileViewController.m */; };
		298E33782101067A00290BF4 /* LoginViewController.m in Sources */ = {isa = PBXBuildFile; fileRef = 298E33772101067A00290BF4 /* LoginViewController.m */; };
		298E337B2101091900290BF4 /* DiscoveryViewController.m in Sources */ = {isa = PBXBuildFile; fileRef = 298E33792101091900290BF4 /* DiscoveryViewController.m */; };
		298E337E2101092600290BF4 /* LeaderboardViewController.m in Sources */ = {isa = PBXBuildFile; fileRef = 298E337D2101092600290BF4 /* LeaderboardViewController.m */; };
		299699962112209B00C83061 /* PostCollectionViewCell.m in Sources */ = {isa = PBXBuildFile; fileRef = 299699952112209B00C83061 /* PostCollectionViewCell.m */; };
		29CC2570210116F900BD6C01 /* Post.m in Sources */ = {isa = PBXBuildFile; fileRef = 29CC256F210116F900BD6C01 /* Post.m */; };
		29CC25732101311900BD6C01 /* DetailedRecipe.storyboard in Resources */ = {isa = PBXBuildFile; fileRef = 29CC25712101311500BD6C01 /* DetailedRecipe.storyboard */; };
		29CC2576210131EB00BD6C01 /* DetailViewController.m in Sources */ = {isa = PBXBuildFile; fileRef = 29CC2575210131EB00BD6C01 /* DetailViewController.m */; };
		29CC257C210148EF00BD6C01 /* CreatePostViewController.m in Sources */ = {isa = PBXBuildFile; fileRef = 29CC257B210148EF00BD6C01 /* CreatePostViewController.m */; };
		29CC258221015A7600BD6C01 /* RecipeTableViewCellHeaderCell.m in Sources */ = {isa = PBXBuildFile; fileRef = 29CC258021015A7600BD6C01 /* RecipeTableViewCellHeaderCell.m */; };
		583DD38421010E2E00A2C40F /* RecipeTableViewCell.m in Sources */ = {isa = PBXBuildFile; fileRef = 583DD38221010E2D00A2C40F /* RecipeTableViewCell.m */; };
		583DD38521010E2E00A2C40F /* PopularMealsCell.m in Sources */ = {isa = PBXBuildFile; fileRef = 583DD38321010E2D00A2C40F /* PopularMealsCell.m */; };
		587401032106652E000425F3 /* Follow.m in Sources */ = {isa = PBXBuildFile; fileRef = 587401022106652E000425F3 /* Follow.m */; };
		58740107210680C5000425F3 /* ExternalProfile.storyboard in Resources */ = {isa = PBXBuildFile; fileRef = 58740106210680C5000425F3 /* ExternalProfile.storyboard */; };
		5874010D210681C3000425F3 /* ExternalProfileViewController.m in Sources */ = {isa = PBXBuildFile; fileRef = 5874010C210681C3000425F3 /* ExternalProfileViewController.m */; };
		587401152107F92A000425F3 /* Like.m in Sources */ = {isa = PBXBuildFile; fileRef = 587401142107F92A000425F3 /* Like.m */; };
		587401182107F969000425F3 /* Comment.m in Sources */ = {isa = PBXBuildFile; fileRef = 587401172107F969000425F3 /* Comment.m */; };
		5874011A21091E31000425F3 /* Comments.storyboard in Resources */ = {isa = PBXBuildFile; fileRef = 5874011921091E31000425F3 /* Comments.storyboard */; };
		5874011D21091E94000425F3 /* CommentsViewController.m in Sources */ = {isa = PBXBuildFile; fileRef = 5874011C21091E94000425F3 /* CommentsViewController.m */; };
		5874012021091F40000425F3 /* CommentCell.m in Sources */ = {isa = PBXBuildFile; fileRef = 5874011F21091F40000425F3 /* CommentCell.m */; };
		58740129210B8B1E000425F3 /* RecipeDetailViewController.m in Sources */ = {isa = PBXBuildFile; fileRef = 58740128210B8B1E000425F3 /* RecipeDetailViewController.m */; };
		5874012C210B8B6E000425F3 /* DetailRecipeTableViewCell.m in Sources */ = {isa = PBXBuildFile; fileRef = 5874012B210B8B6E000425F3 /* DetailRecipeTableViewCell.m */; };
		589382D021111E870045670D /* Tag.m in Sources */ = {isa = PBXBuildFile; fileRef = 589382CF21111E870045670D /* Tag.m */; };
		589382D6211262FA0045670D /* AutofillResultCellTableViewCell.m in Sources */ = {isa = PBXBuildFile; fileRef = 589382D5211262FA0045670D /* AutofillResultCellTableViewCell.m */; };
		58BB7CCB2114D5370097A046 /* Search.storyboard in Resources */ = {isa = PBXBuildFile; fileRef = 58BB7CC92114D5370097A046 /* Search.storyboard */; };
		58BB7CCE2114D54B0097A046 /* RecipeResults.storyboard in Resources */ = {isa = PBXBuildFile; fileRef = 58BB7CCC2114D54B0097A046 /* RecipeResults.storyboard */; };
		58BB7CD12114DF0A0097A046 /* SearchViewController.m in Sources */ = {isa = PBXBuildFile; fileRef = 58BB7CD02114DF0A0097A046 /* SearchViewController.m */; };
		58BB7CD42114DF1F0097A046 /* SearchResultsViewController.m in Sources */ = {isa = PBXBuildFile; fileRef = 58BB7CD32114DF1F0097A046 /* SearchResultsViewController.m */; };
		58BB7CD72114E1F40097A046 /* CourseTypeTableViewCell.m in Sources */ = {isa = PBXBuildFile; fileRef = 58BB7CD62114E1F40097A046 /* CourseTypeTableViewCell.m */; };
		58BB7CDA2114E20E0097A046 /* TagCollectionViewCell.m in Sources */ = {isa = PBXBuildFile; fileRef = 58BB7CD92114E20E0097A046 /* TagCollectionViewCell.m */; };
		5FE6602A253EBEE70814F11C /* libPods-Feast-fbuUITests.a in Frameworks */ = {isa = PBXBuildFile; fileRef = B0BD2D765F9267BA295EAE56 /* libPods-Feast-fbuUITests.a */; };
		AA866F1881DA6E0F2166EC09 /* libPods-Feast-fbuTests.a in Frameworks */ = {isa = PBXBuildFile; fileRef = 361653543C26D7BBAC589C2F /* libPods-Feast-fbuTests.a */; };
/* End PBXBuildFile section */

/* Begin PBXContainerItemProxy section */
		2981334C20FFEDF7003FD11C /* PBXContainerItemProxy */ = {
			isa = PBXContainerItemProxy;
			containerPortal = 2981332B20FFEDF6003FD11C /* Project object */;
			proxyType = 1;
			remoteGlobalIDString = 2981333220FFEDF6003FD11C;
			remoteInfo = "Feast-fbu";
		};
		2981335720FFEDF7003FD11C /* PBXContainerItemProxy */ = {
			isa = PBXContainerItemProxy;
			containerPortal = 2981332B20FFEDF6003FD11C /* Project object */;
			proxyType = 1;
			remoteGlobalIDString = 2981333220FFEDF6003FD11C;
			remoteInfo = "Feast-fbu";
		};
/* End PBXContainerItemProxy section */

/* Begin PBXFileReference section */
		0AF6C67F8BBF30F171F9976E /* Pods-Feast-fbu.release.xcconfig */ = {isa = PBXFileReference; includeInIndex = 1; lastKnownFileType = text.xcconfig; name = "Pods-Feast-fbu.release.xcconfig"; path = "Pods/Target Support Files/Pods-Feast-fbu/Pods-Feast-fbu.release.xcconfig"; sourceTree = "<group>"; };
		13387CB94CC3B84C1041C9C3 /* Pods-Feast-fbuTests.release.xcconfig */ = {isa = PBXFileReference; includeInIndex = 1; lastKnownFileType = text.xcconfig; name = "Pods-Feast-fbuTests.release.xcconfig"; path = "Pods/Target Support Files/Pods-Feast-fbuTests/Pods-Feast-fbuTests.release.xcconfig"; sourceTree = "<group>"; };
		2135FC7D21067F6400543AF7 /* Timeline.storyboard */ = {isa = PBXFileReference; lastKnownFileType = file.storyboard; path = Timeline.storyboard; sourceTree = "<group>"; };
		2135FC7F2106819800543AF7 /* TimelineViewController.h */ = {isa = PBXFileReference; lastKnownFileType = sourcecode.c.h; path = TimelineViewController.h; sourceTree = "<group>"; };
		2135FC802106819800543AF7 /* TimelineViewController.m */ = {isa = PBXFileReference; lastKnownFileType = sourcecode.c.objc; path = TimelineViewController.m; sourceTree = "<group>"; };
		2135FC82210681EB00543AF7 /* TimelineViewCell.h */ = {isa = PBXFileReference; lastKnownFileType = sourcecode.c.h; path = TimelineViewCell.h; sourceTree = "<group>"; };
		2135FC83210681EB00543AF7 /* TimelineViewCell.m */ = {isa = PBXFileReference; lastKnownFileType = sourcecode.c.objc; path = TimelineViewCell.m; sourceTree = "<group>"; };
		214F5DA0210A9F0E00A47BC8 /* SuggestedTableViewCell.h */ = {isa = PBXFileReference; lastKnownFileType = sourcecode.c.h; path = SuggestedTableViewCell.h; sourceTree = "<group>"; };
		214F5DA1210A9F0E00A47BC8 /* SuggestedTableViewCell.m */ = {isa = PBXFileReference; lastKnownFileType = sourcecode.c.objc; path = SuggestedTableViewCell.m; sourceTree = "<group>"; };
		214F5DA6210A9F5400A47BC8 /* SuggestedViewController.h */ = {isa = PBXFileReference; lastKnownFileType = sourcecode.c.h; path = SuggestedViewController.h; sourceTree = "<group>"; };
		214F5DA7210A9F5400A47BC8 /* SuggestedViewController.m */ = {isa = PBXFileReference; lastKnownFileType = sourcecode.c.objc; path = SuggestedViewController.m; sourceTree = "<group>"; };
		290F36F72106B1FB00A1B704 /* Saved.h */ = {isa = PBXFileReference; lastKnownFileType = sourcecode.c.h; path = Saved.h; sourceTree = "<group>"; };
		290F36F82106B1FB00A1B704 /* Saved.m */ = {isa = PBXFileReference; lastKnownFileType = sourcecode.c.objc; path = Saved.m; sourceTree = "<group>"; };
		297420752106551200B30175 /* Base */ = {isa = PBXFileReference; lastKnownFileType = file.storyboard; name = Base; path = Base.lproj/DetailedPost.storyboard; sourceTree = "<group>"; };
		297420772106557500B30175 /* DetailedPostViewController.h */ = {isa = PBXFileReference; lastKnownFileType = sourcecode.c.h; path = DetailedPostViewController.h; sourceTree = "<group>"; };
		297420782106557500B30175 /* DetailedPostViewController.m */ = {isa = PBXFileReference; lastKnownFileType = sourcecode.c.objc; path = DetailedPostViewController.m; sourceTree = "<group>"; };
		2981333320FFEDF6003FD11C /* Feast-fbu.app */ = {isa = PBXFileReference; explicitFileType = wrapper.application; includeInIndex = 0; path = "Feast-fbu.app"; sourceTree = BUILT_PRODUCTS_DIR; };
		2981333620FFEDF6003FD11C /* AppDelegate.h */ = {isa = PBXFileReference; lastKnownFileType = sourcecode.c.h; path = AppDelegate.h; sourceTree = "<group>"; };
		2981333720FFEDF6003FD11C /* AppDelegate.m */ = {isa = PBXFileReference; lastKnownFileType = sourcecode.c.objc; path = AppDelegate.m; sourceTree = "<group>"; };
		2981333D20FFEDF6003FD11C /* Base */ = {isa = PBXFileReference; lastKnownFileType = file.storyboard; name = Base; path = Base.lproj/Main.storyboard; sourceTree = "<group>"; };
		2981333F20FFEDF7003FD11C /* Assets.xcassets */ = {isa = PBXFileReference; lastKnownFileType = folder.assetcatalog; path = Assets.xcassets; sourceTree = "<group>"; };
		2981334220FFEDF7003FD11C /* Base */ = {isa = PBXFileReference; lastKnownFileType = file.storyboard; name = Base; path = Base.lproj/LaunchScreen.storyboard; sourceTree = "<group>"; };
		2981334420FFEDF7003FD11C /* Info.plist */ = {isa = PBXFileReference; lastKnownFileType = text.plist.xml; path = Info.plist; sourceTree = "<group>"; };
		2981334520FFEDF7003FD11C /* main.m */ = {isa = PBXFileReference; lastKnownFileType = sourcecode.c.objc; path = main.m; sourceTree = "<group>"; };
		2981334B20FFEDF7003FD11C /* Feast-fbuTests.xctest */ = {isa = PBXFileReference; explicitFileType = wrapper.cfbundle; includeInIndex = 0; path = "Feast-fbuTests.xctest"; sourceTree = BUILT_PRODUCTS_DIR; };
		2981334F20FFEDF7003FD11C /* Feast_fbuTests.m */ = {isa = PBXFileReference; lastKnownFileType = sourcecode.c.objc; path = Feast_fbuTests.m; sourceTree = "<group>"; };
		2981335120FFEDF7003FD11C /* Info.plist */ = {isa = PBXFileReference; lastKnownFileType = text.plist.xml; path = Info.plist; sourceTree = "<group>"; };
		2981335620FFEDF7003FD11C /* Feast-fbuUITests.xctest */ = {isa = PBXFileReference; explicitFileType = wrapper.cfbundle; includeInIndex = 0; path = "Feast-fbuUITests.xctest"; sourceTree = BUILT_PRODUCTS_DIR; };
		2981335A20FFEDF7003FD11C /* Feast_fbuUITests.m */ = {isa = PBXFileReference; lastKnownFileType = sourcecode.c.objc; path = Feast_fbuUITests.m; sourceTree = "<group>"; };
		2981335C20FFEDF7003FD11C /* Info.plist */ = {isa = PBXFileReference; lastKnownFileType = text.plist.xml; path = Info.plist; sourceTree = "<group>"; };
		29853C392108FC5F00971E56 /* Base */ = {isa = PBXFileReference; lastKnownFileType = file.storyboard; name = Base; path = Base.lproj/SavedRecipes.storyboard; sourceTree = "<group>"; };
		29853C3B2108FE1E00971E56 /* SavedRecipesViewController.h */ = {isa = PBXFileReference; lastKnownFileType = sourcecode.c.h; path = SavedRecipesViewController.h; sourceTree = "<group>"; };
		29853C3C2108FE1E00971E56 /* SavedRecipesViewController.m */ = {isa = PBXFileReference; lastKnownFileType = sourcecode.c.objc; path = SavedRecipesViewController.m; sourceTree = "<group>"; };
		29853C3E2108FE5200971E56 /* SavedRecipesCollectionViewCell.h */ = {isa = PBXFileReference; lastKnownFileType = sourcecode.c.h; path = SavedRecipesCollectionViewCell.h; sourceTree = "<group>"; };
		29853C3F2108FE5200971E56 /* SavedRecipesCollectionViewCell.m */ = {isa = PBXFileReference; lastKnownFileType = sourcecode.c.objc; path = SavedRecipesCollectionViewCell.m; sourceTree = "<group>"; };
		298E336A210016BC00290BF4 /* Discovery.storyboard */ = {isa = PBXFileReference; fileEncoding = 4; lastKnownFileType = file.storyboard; name = Discovery.storyboard; path = Base.lproj/Discovery.storyboard; sourceTree = "<group>"; };
		298E336C210019A000290BF4 /* Leaderboard.storyboard */ = {isa = PBXFileReference; fileEncoding = 4; lastKnownFileType = file.storyboard; name = Leaderboard.storyboard; path = Base.lproj/Leaderboard.storyboard; sourceTree = "<group>"; };
		298E336E21001A2500290BF4 /* Profile.storyboard */ = {isa = PBXFileReference; fileEncoding = 4; lastKnownFileType = file.storyboard; name = Profile.storyboard; path = Base.lproj/Profile.storyboard; sourceTree = "<group>"; };
		298E33702100F23800290BF4 /* Recipe.h */ = {isa = PBXFileReference; lastKnownFileType = sourcecode.c.h; path = Recipe.h; sourceTree = "<group>"; };
		298E33712100F23800290BF4 /* Recipe.m */ = {isa = PBXFileReference; lastKnownFileType = sourcecode.c.objc; path = Recipe.m; sourceTree = "<group>"; };
		298E33732100F82500290BF4 /* ProfileViewController.h */ = {isa = PBXFileReference; lastKnownFileType = sourcecode.c.h; path = ProfileViewController.h; sourceTree = "<group>"; };
		298E33742100F82500290BF4 /* ProfileViewController.m */ = {isa = PBXFileReference; lastKnownFileType = sourcecode.c.objc; path = ProfileViewController.m; sourceTree = "<group>"; };
		298E33762101067A00290BF4 /* LoginViewController.h */ = {isa = PBXFileReference; fileEncoding = 4; lastKnownFileType = sourcecode.c.h; name = LoginViewController.h; path = "Feast-fbu/View Controllers/LoginViewController.h"; sourceTree = SOURCE_ROOT; };
		298E33772101067A00290BF4 /* LoginViewController.m */ = {isa = PBXFileReference; fileEncoding = 4; lastKnownFileType = sourcecode.c.objc; name = LoginViewController.m; path = "Feast-fbu/View Controllers/LoginViewController.m"; sourceTree = SOURCE_ROOT; };
		298E33792101091900290BF4 /* DiscoveryViewController.m */ = {isa = PBXFileReference; fileEncoding = 4; lastKnownFileType = sourcecode.c.objc; path = DiscoveryViewController.m; sourceTree = "<group>"; };
		298E337A2101091900290BF4 /* DiscoveryViewController.h */ = {isa = PBXFileReference; fileEncoding = 4; lastKnownFileType = sourcecode.c.h; path = DiscoveryViewController.h; sourceTree = "<group>"; };
		298E337C2101092600290BF4 /* LeaderboardViewController.h */ = {isa = PBXFileReference; fileEncoding = 4; lastKnownFileType = sourcecode.c.h; path = LeaderboardViewController.h; sourceTree = "<group>"; };
		298E337D2101092600290BF4 /* LeaderboardViewController.m */ = {isa = PBXFileReference; fileEncoding = 4; lastKnownFileType = sourcecode.c.objc; path = LeaderboardViewController.m; sourceTree = "<group>"; };
		299699942112209B00C83061 /* PostCollectionViewCell.h */ = {isa = PBXFileReference; lastKnownFileType = sourcecode.c.h; path = PostCollectionViewCell.h; sourceTree = "<group>"; };
		299699952112209B00C83061 /* PostCollectionViewCell.m */ = {isa = PBXFileReference; lastKnownFileType = sourcecode.c.objc; path = PostCollectionViewCell.m; sourceTree = "<group>"; };
		29CC256E210116F900BD6C01 /* Post.h */ = {isa = PBXFileReference; lastKnownFileType = sourcecode.c.h; path = Post.h; sourceTree = "<group>"; };
		29CC256F210116F900BD6C01 /* Post.m */ = {isa = PBXFileReference; lastKnownFileType = sourcecode.c.objc; path = Post.m; sourceTree = "<group>"; };
		29CC25722101311500BD6C01 /* Base */ = {isa = PBXFileReference; lastKnownFileType = file.storyboard; name = Base; path = Base.lproj/DetailedRecipe.storyboard; sourceTree = "<group>"; };
		29CC2574210131EB00BD6C01 /* DetailViewController.h */ = {isa = PBXFileReference; fileEncoding = 4; lastKnownFileType = sourcecode.c.h; path = DetailViewController.h; sourceTree = "<group>"; };
		29CC2575210131EB00BD6C01 /* DetailViewController.m */ = {isa = PBXFileReference; fileEncoding = 4; lastKnownFileType = sourcecode.c.objc; path = DetailViewController.m; sourceTree = "<group>"; };
		29CC257A210148EF00BD6C01 /* CreatePostViewController.h */ = {isa = PBXFileReference; lastKnownFileType = sourcecode.c.h; path = CreatePostViewController.h; sourceTree = "<group>"; };
		29CC257B210148EF00BD6C01 /* CreatePostViewController.m */ = {isa = PBXFileReference; lastKnownFileType = sourcecode.c.objc; path = CreatePostViewController.m; sourceTree = "<group>"; };
		29CC258021015A7600BD6C01 /* RecipeTableViewCellHeaderCell.m */ = {isa = PBXFileReference; fileEncoding = 4; lastKnownFileType = sourcecode.c.objc; path = RecipeTableViewCellHeaderCell.m; sourceTree = "<group>"; };
		29CC258121015A7600BD6C01 /* RecipeTableViewCellHeaderCell.h */ = {isa = PBXFileReference; fileEncoding = 4; lastKnownFileType = sourcecode.c.h; path = RecipeTableViewCellHeaderCell.h; sourceTree = "<group>"; };
		2CA6BE7050E61B151F184B50 /* Pods-Feast-fbuUITests.debug.xcconfig */ = {isa = PBXFileReference; includeInIndex = 1; lastKnownFileType = text.xcconfig; name = "Pods-Feast-fbuUITests.debug.xcconfig"; path = "Pods/Target Support Files/Pods-Feast-fbuUITests/Pods-Feast-fbuUITests.debug.xcconfig"; sourceTree = "<group>"; };
		361653543C26D7BBAC589C2F /* libPods-Feast-fbuTests.a */ = {isa = PBXFileReference; explicitFileType = archive.ar; includeInIndex = 0; path = "libPods-Feast-fbuTests.a"; sourceTree = BUILT_PRODUCTS_DIR; };
		583DD38021010E2D00A2C40F /* PopularMealsCell.h */ = {isa = PBXFileReference; fileEncoding = 4; lastKnownFileType = sourcecode.c.h; path = PopularMealsCell.h; sourceTree = "<group>"; };
		583DD38121010E2D00A2C40F /* RecipeTableViewCell.h */ = {isa = PBXFileReference; fileEncoding = 4; lastKnownFileType = sourcecode.c.h; path = RecipeTableViewCell.h; sourceTree = "<group>"; };
		583DD38221010E2D00A2C40F /* RecipeTableViewCell.m */ = {isa = PBXFileReference; fileEncoding = 4; lastKnownFileType = sourcecode.c.objc; path = RecipeTableViewCell.m; sourceTree = "<group>"; };
		583DD38321010E2D00A2C40F /* PopularMealsCell.m */ = {isa = PBXFileReference; fileEncoding = 4; lastKnownFileType = sourcecode.c.objc; path = PopularMealsCell.m; sourceTree = "<group>"; };
		587401012106652E000425F3 /* Follow.h */ = {isa = PBXFileReference; lastKnownFileType = sourcecode.c.h; path = Follow.h; sourceTree = "<group>"; };
		587401022106652E000425F3 /* Follow.m */ = {isa = PBXFileReference; lastKnownFileType = sourcecode.c.objc; path = Follow.m; sourceTree = "<group>"; };
		58740106210680C5000425F3 /* ExternalProfile.storyboard */ = {isa = PBXFileReference; lastKnownFileType = file.storyboard; path = ExternalProfile.storyboard; sourceTree = "<group>"; };
		5874010B210681C3000425F3 /* ExternalProfileViewController.h */ = {isa = PBXFileReference; lastKnownFileType = sourcecode.c.h; path = ExternalProfileViewController.h; sourceTree = "<group>"; };
		5874010C210681C3000425F3 /* ExternalProfileViewController.m */ = {isa = PBXFileReference; lastKnownFileType = sourcecode.c.objc; path = ExternalProfileViewController.m; sourceTree = "<group>"; };
		587401132107F92A000425F3 /* Like.h */ = {isa = PBXFileReference; lastKnownFileType = sourcecode.c.h; path = Like.h; sourceTree = "<group>"; };
		587401142107F92A000425F3 /* Like.m */ = {isa = PBXFileReference; lastKnownFileType = sourcecode.c.objc; path = Like.m; sourceTree = "<group>"; };
		587401162107F969000425F3 /* Comment.h */ = {isa = PBXFileReference; lastKnownFileType = sourcecode.c.h; path = Comment.h; sourceTree = "<group>"; };
		587401172107F969000425F3 /* Comment.m */ = {isa = PBXFileReference; lastKnownFileType = sourcecode.c.objc; path = Comment.m; sourceTree = "<group>"; };
		5874011921091E31000425F3 /* Comments.storyboard */ = {isa = PBXFileReference; lastKnownFileType = file.storyboard; path = Comments.storyboard; sourceTree = "<group>"; };
		5874011B21091E94000425F3 /* CommentsViewController.h */ = {isa = PBXFileReference; lastKnownFileType = sourcecode.c.h; path = CommentsViewController.h; sourceTree = "<group>"; };
		5874011C21091E94000425F3 /* CommentsViewController.m */ = {isa = PBXFileReference; lastKnownFileType = sourcecode.c.objc; path = CommentsViewController.m; sourceTree = "<group>"; };
		5874011E21091F40000425F3 /* CommentCell.h */ = {isa = PBXFileReference; lastKnownFileType = sourcecode.c.h; path = CommentCell.h; sourceTree = "<group>"; };
		5874011F21091F40000425F3 /* CommentCell.m */ = {isa = PBXFileReference; lastKnownFileType = sourcecode.c.objc; path = CommentCell.m; sourceTree = "<group>"; };
		58740127210B8B1E000425F3 /* RecipeDetailViewController.h */ = {isa = PBXFileReference; lastKnownFileType = sourcecode.c.h; path = RecipeDetailViewController.h; sourceTree = "<group>"; };
		58740128210B8B1E000425F3 /* RecipeDetailViewController.m */ = {isa = PBXFileReference; lastKnownFileType = sourcecode.c.objc; path = RecipeDetailViewController.m; sourceTree = "<group>"; };
		5874012A210B8B6E000425F3 /* DetailRecipeTableViewCell.h */ = {isa = PBXFileReference; lastKnownFileType = sourcecode.c.h; path = DetailRecipeTableViewCell.h; sourceTree = "<group>"; };
		5874012B210B8B6E000425F3 /* DetailRecipeTableViewCell.m */ = {isa = PBXFileReference; lastKnownFileType = sourcecode.c.objc; path = DetailRecipeTableViewCell.m; sourceTree = "<group>"; };
		589382CE21111E870045670D /* Tag.h */ = {isa = PBXFileReference; lastKnownFileType = sourcecode.c.h; path = Tag.h; sourceTree = "<group>"; };
		589382CF21111E870045670D /* Tag.m */ = {isa = PBXFileReference; lastKnownFileType = sourcecode.c.objc; path = Tag.m; sourceTree = "<group>"; };
		589382D4211262FA0045670D /* AutofillResultCellTableViewCell.h */ = {isa = PBXFileReference; lastKnownFileType = sourcecode.c.h; path = AutofillResultCellTableViewCell.h; sourceTree = "<group>"; };
		589382D5211262FA0045670D /* AutofillResultCellTableViewCell.m */ = {isa = PBXFileReference; lastKnownFileType = sourcecode.c.objc; path = AutofillResultCellTableViewCell.m; sourceTree = "<group>"; };
		58BB7CCA2114D5370097A046 /* Base */ = {isa = PBXFileReference; lastKnownFileType = file.storyboard; name = Base; path = Base.lproj/Search.storyboard; sourceTree = "<group>"; };
		58BB7CCD2114D54B0097A046 /* Base */ = {isa = PBXFileReference; lastKnownFileType = file.storyboard; name = Base; path = Base.lproj/RecipeResults.storyboard; sourceTree = "<group>"; };
		58BB7CCF2114DF0A0097A046 /* SearchViewController.h */ = {isa = PBXFileReference; lastKnownFileType = sourcecode.c.h; path = SearchViewController.h; sourceTree = "<group>"; };
		58BB7CD02114DF0A0097A046 /* SearchViewController.m */ = {isa = PBXFileReference; lastKnownFileType = sourcecode.c.objc; path = SearchViewController.m; sourceTree = "<group>"; };
		58BB7CD22114DF1F0097A046 /* SearchResultsViewController.h */ = {isa = PBXFileReference; lastKnownFileType = sourcecode.c.h; path = SearchResultsViewController.h; sourceTree = "<group>"; };
		58BB7CD32114DF1F0097A046 /* SearchResultsViewController.m */ = {isa = PBXFileReference; lastKnownFileType = sourcecode.c.objc; path = SearchResultsViewController.m; sourceTree = "<group>"; };
		58BB7CD52114E1F40097A046 /* CourseTypeTableViewCell.h */ = {isa = PBXFileReference; lastKnownFileType = sourcecode.c.h; path = CourseTypeTableViewCell.h; sourceTree = "<group>"; };
		58BB7CD62114E1F40097A046 /* CourseTypeTableViewCell.m */ = {isa = PBXFileReference; lastKnownFileType = sourcecode.c.objc; path = CourseTypeTableViewCell.m; sourceTree = "<group>"; };
		58BB7CD82114E20E0097A046 /* TagCollectionViewCell.h */ = {isa = PBXFileReference; lastKnownFileType = sourcecode.c.h; path = TagCollectionViewCell.h; sourceTree = "<group>"; };
		58BB7CD92114E20E0097A046 /* TagCollectionViewCell.m */ = {isa = PBXFileReference; lastKnownFileType = sourcecode.c.objc; path = TagCollectionViewCell.m; sourceTree = "<group>"; };
		6ADE14948C125656DA4A20A5 /* Pods-Feast-fbuUITests.release.xcconfig */ = {isa = PBXFileReference; includeInIndex = 1; lastKnownFileType = text.xcconfig; name = "Pods-Feast-fbuUITests.release.xcconfig"; path = "Pods/Target Support Files/Pods-Feast-fbuUITests/Pods-Feast-fbuUITests.release.xcconfig"; sourceTree = "<group>"; };
		71BE23A7132DCFE14D5584F8 /* Pods-Feast-fbuTests.debug.xcconfig */ = {isa = PBXFileReference; includeInIndex = 1; lastKnownFileType = text.xcconfig; name = "Pods-Feast-fbuTests.debug.xcconfig"; path = "Pods/Target Support Files/Pods-Feast-fbuTests/Pods-Feast-fbuTests.debug.xcconfig"; sourceTree = "<group>"; };
		B0BD2D765F9267BA295EAE56 /* libPods-Feast-fbuUITests.a */ = {isa = PBXFileReference; explicitFileType = archive.ar; includeInIndex = 0; path = "libPods-Feast-fbuUITests.a"; sourceTree = BUILT_PRODUCTS_DIR; };
		EE32C27C5AAC604438835E5A /* libPods-Feast-fbu.a */ = {isa = PBXFileReference; explicitFileType = archive.ar; includeInIndex = 0; path = "libPods-Feast-fbu.a"; sourceTree = BUILT_PRODUCTS_DIR; };
		F3992A16107A66DB09AA173D /* Pods-Feast-fbu.debug.xcconfig */ = {isa = PBXFileReference; includeInIndex = 1; lastKnownFileType = text.xcconfig; name = "Pods-Feast-fbu.debug.xcconfig"; path = "Pods/Target Support Files/Pods-Feast-fbu/Pods-Feast-fbu.debug.xcconfig"; sourceTree = "<group>"; };
/* End PBXFileReference section */

/* Begin PBXFrameworksBuildPhase section */
		2981333020FFEDF6003FD11C /* Frameworks */ = {
			isa = PBXFrameworksBuildPhase;
			buildActionMask = 2147483647;
			files = (
				0CAC103A1206E8ADA217B3DC /* libPods-Feast-fbu.a in Frameworks */,
			);
			runOnlyForDeploymentPostprocessing = 0;
		};
		2981334820FFEDF7003FD11C /* Frameworks */ = {
			isa = PBXFrameworksBuildPhase;
			buildActionMask = 2147483647;
			files = (
				AA866F1881DA6E0F2166EC09 /* libPods-Feast-fbuTests.a in Frameworks */,
			);
			runOnlyForDeploymentPostprocessing = 0;
		};
		2981335320FFEDF7003FD11C /* Frameworks */ = {
			isa = PBXFrameworksBuildPhase;
			buildActionMask = 2147483647;
			files = (
				5FE6602A253EBEE70814F11C /* libPods-Feast-fbuUITests.a in Frameworks */,
			);
			runOnlyForDeploymentPostprocessing = 0;
		};
/* End PBXFrameworksBuildPhase section */

/* Begin PBXGroup section */
		0346B86568139D41B5D9A843 /* Frameworks */ = {
			isa = PBXGroup;
			children = (
				EE32C27C5AAC604438835E5A /* libPods-Feast-fbu.a */,
				361653543C26D7BBAC589C2F /* libPods-Feast-fbuTests.a */,
				B0BD2D765F9267BA295EAE56 /* libPods-Feast-fbuUITests.a */,
			);
			name = Frameworks;
			sourceTree = "<group>";
		};
		297DED9020FFFA7500A469FA /* Models */ = {
			isa = PBXGroup;
			children = (
				298E33702100F23800290BF4 /* Recipe.h */,
				298E33712100F23800290BF4 /* Recipe.m */,
				29CC256E210116F900BD6C01 /* Post.h */,
				29CC256F210116F900BD6C01 /* Post.m */,
				587401012106652E000425F3 /* Follow.h */,
				587401022106652E000425F3 /* Follow.m */,
				290F36F72106B1FB00A1B704 /* Saved.h */,
				290F36F82106B1FB00A1B704 /* Saved.m */,
				587401132107F92A000425F3 /* Like.h */,
				587401142107F92A000425F3 /* Like.m */,
				587401162107F969000425F3 /* Comment.h */,
				587401172107F969000425F3 /* Comment.m */,
				589382CE21111E870045670D /* Tag.h */,
				589382CF21111E870045670D /* Tag.m */,
			);
			path = Models;
			sourceTree = "<group>";
		};
		297DED9120FFFAB200A469FA /* View Controllers */ = {
			isa = PBXGroup;
			children = (
				58BB7CCF2114DF0A0097A046 /* SearchViewController.h */,
				58BB7CD02114DF0A0097A046 /* SearchViewController.m */,
				298E337C2101092600290BF4 /* LeaderboardViewController.h */,
				298E337D2101092600290BF4 /* LeaderboardViewController.m */,
				298E337A2101091900290BF4 /* DiscoveryViewController.h */,
				298E33792101091900290BF4 /* DiscoveryViewController.m */,
				298E33732100F82500290BF4 /* ProfileViewController.h */,
				298E33742100F82500290BF4 /* ProfileViewController.m */,
				298E33762101067A00290BF4 /* LoginViewController.h */,
				298E33772101067A00290BF4 /* LoginViewController.m */,
				29CC2574210131EB00BD6C01 /* DetailViewController.h */,
				29CC2575210131EB00BD6C01 /* DetailViewController.m */,
				29CC257A210148EF00BD6C01 /* CreatePostViewController.h */,
				29CC257B210148EF00BD6C01 /* CreatePostViewController.m */,
				297420772106557500B30175 /* DetailedPostViewController.h */,
				297420782106557500B30175 /* DetailedPostViewController.m */,
				2135FC7F2106819800543AF7 /* TimelineViewController.h */,
				2135FC802106819800543AF7 /* TimelineViewController.m */,
				5874010B210681C3000425F3 /* ExternalProfileViewController.h */,
				5874010C210681C3000425F3 /* ExternalProfileViewController.m */,
				29853C3B2108FE1E00971E56 /* SavedRecipesViewController.h */,
				29853C3C2108FE1E00971E56 /* SavedRecipesViewController.m */,
				5874011B21091E94000425F3 /* CommentsViewController.h */,
				5874011C21091E94000425F3 /* CommentsViewController.m */,
				214F5DA6210A9F5400A47BC8 /* SuggestedViewController.h */,
				214F5DA7210A9F5400A47BC8 /* SuggestedViewController.m */,
				58740127210B8B1E000425F3 /* RecipeDetailViewController.h */,
				58740128210B8B1E000425F3 /* RecipeDetailViewController.m */,
				58BB7CD22114DF1F0097A046 /* SearchResultsViewController.h */,
				58BB7CD32114DF1F0097A046 /* SearchResultsViewController.m */,
			);
			path = "View Controllers";
			sourceTree = "<group>";
		};
		297DED9220FFFAB800A469FA /* Views */ = {
			isa = PBXGroup;
			children = (
				29CC258121015A7600BD6C01 /* RecipeTableViewCellHeaderCell.h */,
				29CC258021015A7600BD6C01 /* RecipeTableViewCellHeaderCell.m */,
				583DD38021010E2D00A2C40F /* PopularMealsCell.h */,
				583DD38321010E2D00A2C40F /* PopularMealsCell.m */,
				583DD38121010E2D00A2C40F /* RecipeTableViewCell.h */,
				583DD38221010E2D00A2C40F /* RecipeTableViewCell.m */,
				2135FC82210681EB00543AF7 /* TimelineViewCell.h */,
				2135FC83210681EB00543AF7 /* TimelineViewCell.m */,
				29853C3E2108FE5200971E56 /* SavedRecipesCollectionViewCell.h */,
				29853C3F2108FE5200971E56 /* SavedRecipesCollectionViewCell.m */,
				5874011E21091F40000425F3 /* CommentCell.h */,
				5874011F21091F40000425F3 /* CommentCell.m */,
				214F5DA0210A9F0E00A47BC8 /* SuggestedTableViewCell.h */,
				214F5DA1210A9F0E00A47BC8 /* SuggestedTableViewCell.m */,
				5874012A210B8B6E000425F3 /* DetailRecipeTableViewCell.h */,
				5874012B210B8B6E000425F3 /* DetailRecipeTableViewCell.m */,
				299699942112209B00C83061 /* PostCollectionViewCell.h */,
				299699952112209B00C83061 /* PostCollectionViewCell.m */,
				589382D4211262FA0045670D /* AutofillResultCellTableViewCell.h */,
				589382D5211262FA0045670D /* AutofillResultCellTableViewCell.m */,
				58BB7CD52114E1F40097A046 /* CourseTypeTableViewCell.h */,
				58BB7CD62114E1F40097A046 /* CourseTypeTableViewCell.m */,
				58BB7CD82114E20E0097A046 /* TagCollectionViewCell.h */,
				58BB7CD92114E20E0097A046 /* TagCollectionViewCell.m */,
			);
			path = Views;
			sourceTree = "<group>";
		};
		2981332A20FFEDF6003FD11C = {
			isa = PBXGroup;
			children = (
				2981333520FFEDF6003FD11C /* Feast-fbu */,
				2981334E20FFEDF7003FD11C /* Feast-fbuTests */,
				2981335920FFEDF7003FD11C /* Feast-fbuUITests */,
				2981333420FFEDF6003FD11C /* Products */,
				6A95757E88ECF3E75303709E /* Pods */,
				0346B86568139D41B5D9A843 /* Frameworks */,
			);
			sourceTree = "<group>";
		};
		2981333420FFEDF6003FD11C /* Products */ = {
			isa = PBXGroup;
			children = (
				2981333320FFEDF6003FD11C /* Feast-fbu.app */,
				2981334B20FFEDF7003FD11C /* Feast-fbuTests.xctest */,
				2981335620FFEDF7003FD11C /* Feast-fbuUITests.xctest */,
			);
			name = Products;
			sourceTree = "<group>";
		};
		2981333520FFEDF6003FD11C /* Feast-fbu */ = {
			isa = PBXGroup;
			children = (
				298E336E21001A2500290BF4 /* Profile.storyboard */,
				298E336C210019A000290BF4 /* Leaderboard.storyboard */,
				298E336A210016BC00290BF4 /* Discovery.storyboard */,
				29CC25712101311500BD6C01 /* DetailedRecipe.storyboard */,
				297420742106551200B30175 /* DetailedPost.storyboard */,
				2135FC7D21067F6400543AF7 /* Timeline.storyboard */,
				58740106210680C5000425F3 /* ExternalProfile.storyboard */,
				2981333C20FFEDF6003FD11C /* Main.storyboard */,
				2981334120FFEDF7003FD11C /* LaunchScreen.storyboard */,
				29853C382108FC5F00971E56 /* SavedRecipes.storyboard */,
				5874011921091E31000425F3 /* Comments.storyboard */,
				58BB7CC92114D5370097A046 /* Search.storyboard */,
				58BB7CCC2114D54B0097A046 /* RecipeResults.storyboard */,
				297DED9220FFFAB800A469FA /* Views */,
				297DED9120FFFAB200A469FA /* View Controllers */,
				297DED9020FFFA7500A469FA /* Models */,
				2981333620FFEDF6003FD11C /* AppDelegate.h */,
				2981333720FFEDF6003FD11C /* AppDelegate.m */,
				2981333F20FFEDF7003FD11C /* Assets.xcassets */,
				2981334420FFEDF7003FD11C /* Info.plist */,
				2981334520FFEDF7003FD11C /* main.m */,
			);
			path = "Feast-fbu";
			sourceTree = "<group>";
		};
		2981334E20FFEDF7003FD11C /* Feast-fbuTests */ = {
			isa = PBXGroup;
			children = (
				2981334F20FFEDF7003FD11C /* Feast_fbuTests.m */,
				2981335120FFEDF7003FD11C /* Info.plist */,
			);
			path = "Feast-fbuTests";
			sourceTree = "<group>";
		};
		2981335920FFEDF7003FD11C /* Feast-fbuUITests */ = {
			isa = PBXGroup;
			children = (
				2981335A20FFEDF7003FD11C /* Feast_fbuUITests.m */,
				2981335C20FFEDF7003FD11C /* Info.plist */,
			);
			path = "Feast-fbuUITests";
			sourceTree = "<group>";
		};
		6A95757E88ECF3E75303709E /* Pods */ = {
			isa = PBXGroup;
			children = (
				F3992A16107A66DB09AA173D /* Pods-Feast-fbu.debug.xcconfig */,
				0AF6C67F8BBF30F171F9976E /* Pods-Feast-fbu.release.xcconfig */,
				71BE23A7132DCFE14D5584F8 /* Pods-Feast-fbuTests.debug.xcconfig */,
				13387CB94CC3B84C1041C9C3 /* Pods-Feast-fbuTests.release.xcconfig */,
				2CA6BE7050E61B151F184B50 /* Pods-Feast-fbuUITests.debug.xcconfig */,
				6ADE14948C125656DA4A20A5 /* Pods-Feast-fbuUITests.release.xcconfig */,
			);
			name = Pods;
			sourceTree = "<group>";
		};
/* End PBXGroup section */

/* Begin PBXNativeTarget section */
		2981333220FFEDF6003FD11C /* Feast-fbu */ = {
			isa = PBXNativeTarget;
			buildConfigurationList = 2981335F20FFEDF7003FD11C /* Build configuration list for PBXNativeTarget "Feast-fbu" */;
			buildPhases = (
				B896D46EF9F7E2D7E882F6F7 /* [CP] Check Pods Manifest.lock */,
				2981332F20FFEDF6003FD11C /* Sources */,
				2981333020FFEDF6003FD11C /* Frameworks */,
				2981333120FFEDF6003FD11C /* Resources */,
				CBFC46F935F7D9ECEC9945DF /* [CP] Copy Pods Resources */,
			);
			buildRules = (
			);
			dependencies = (
			);
			name = "Feast-fbu";
			productName = "Feast-fbu";
			productReference = 2981333320FFEDF6003FD11C /* Feast-fbu.app */;
			productType = "com.apple.product-type.application";
		};
		2981334A20FFEDF7003FD11C /* Feast-fbuTests */ = {
			isa = PBXNativeTarget;
			buildConfigurationList = 2981336220FFEDF7003FD11C /* Build configuration list for PBXNativeTarget "Feast-fbuTests" */;
			buildPhases = (
				5709B48E6941B00AA67A6081 /* [CP] Check Pods Manifest.lock */,
				2981334720FFEDF7003FD11C /* Sources */,
				2981334820FFEDF7003FD11C /* Frameworks */,
				2981334920FFEDF7003FD11C /* Resources */,
			);
			buildRules = (
			);
			dependencies = (
				2981334D20FFEDF7003FD11C /* PBXTargetDependency */,
			);
			name = "Feast-fbuTests";
			productName = "Feast-fbuTests";
			productReference = 2981334B20FFEDF7003FD11C /* Feast-fbuTests.xctest */;
			productType = "com.apple.product-type.bundle.unit-test";
		};
		2981335520FFEDF7003FD11C /* Feast-fbuUITests */ = {
			isa = PBXNativeTarget;
			buildConfigurationList = 2981336520FFEDF7003FD11C /* Build configuration list for PBXNativeTarget "Feast-fbuUITests" */;
			buildPhases = (
				2C4DBDDE06E7D7FA1ACE4900 /* [CP] Check Pods Manifest.lock */,
				2981335220FFEDF7003FD11C /* Sources */,
				2981335320FFEDF7003FD11C /* Frameworks */,
				2981335420FFEDF7003FD11C /* Resources */,
			);
			buildRules = (
			);
			dependencies = (
				2981335820FFEDF7003FD11C /* PBXTargetDependency */,
			);
			name = "Feast-fbuUITests";
			productName = "Feast-fbuUITests";
			productReference = 2981335620FFEDF7003FD11C /* Feast-fbuUITests.xctest */;
			productType = "com.apple.product-type.bundle.ui-testing";
		};
/* End PBXNativeTarget section */

/* Begin PBXProject section */
		2981332B20FFEDF6003FD11C /* Project object */ = {
			isa = PBXProject;
			attributes = {
				LastUpgradeCheck = 0940;
				ORGANIZATIONNAME = jessjessandtre;
				TargetAttributes = {
					2981333220FFEDF6003FD11C = {
						CreatedOnToolsVersion = 9.4.1;
					};
					2981334A20FFEDF7003FD11C = {
						CreatedOnToolsVersion = 9.4.1;
						TestTargetID = 2981333220FFEDF6003FD11C;
					};
					2981335520FFEDF7003FD11C = {
						CreatedOnToolsVersion = 9.4.1;
						TestTargetID = 2981333220FFEDF6003FD11C;
					};
				};
			};
			buildConfigurationList = 2981332E20FFEDF6003FD11C /* Build configuration list for PBXProject "Feast-fbu" */;
			compatibilityVersion = "Xcode 9.3";
			developmentRegion = en;
			hasScannedForEncodings = 0;
			knownRegions = (
				en,
				Base,
			);
			mainGroup = 2981332A20FFEDF6003FD11C;
			productRefGroup = 2981333420FFEDF6003FD11C /* Products */;
			projectDirPath = "";
			projectRoot = "";
			targets = (
				2981333220FFEDF6003FD11C /* Feast-fbu */,
				2981334A20FFEDF7003FD11C /* Feast-fbuTests */,
				2981335520FFEDF7003FD11C /* Feast-fbuUITests */,
			);
		};
/* End PBXProject section */

/* Begin PBXResourcesBuildPhase section */
		2981333120FFEDF6003FD11C /* Resources */ = {
			isa = PBXResourcesBuildPhase;
			buildActionMask = 2147483647;
			files = (
				5874011A21091E31000425F3 /* Comments.storyboard in Resources */,
				58740107210680C5000425F3 /* ExternalProfile.storyboard in Resources */,
				297420762106551200B30175 /* DetailedPost.storyboard in Resources */,
				58BB7CCE2114D54B0097A046 /* RecipeResults.storyboard in Resources */,
				298E336F21001A2500290BF4 /* Profile.storyboard in Resources */,
				298E336D210019A000290BF4 /* Leaderboard.storyboard in Resources */,
				29CC25732101311900BD6C01 /* DetailedRecipe.storyboard in Resources */,
				29853C3A2108FC5F00971E56 /* SavedRecipes.storyboard in Resources */,
				2981334320FFEDF7003FD11C /* LaunchScreen.storyboard in Resources */,
				2981334020FFEDF7003FD11C /* Assets.xcassets in Resources */,
				2981333E20FFEDF6003FD11C /* Main.storyboard in Resources */,
				2135FC7E21067F6400543AF7 /* Timeline.storyboard in Resources */,
				298E336B210016BC00290BF4 /* Discovery.storyboard in Resources */,
				58BB7CCB2114D5370097A046 /* Search.storyboard in Resources */,
			);
			runOnlyForDeploymentPostprocessing = 0;
		};
		2981334920FFEDF7003FD11C /* Resources */ = {
			isa = PBXResourcesBuildPhase;
			buildActionMask = 2147483647;
			files = (
			);
			runOnlyForDeploymentPostprocessing = 0;
		};
		2981335420FFEDF7003FD11C /* Resources */ = {
			isa = PBXResourcesBuildPhase;
			buildActionMask = 2147483647;
			files = (
			);
			runOnlyForDeploymentPostprocessing = 0;
		};
/* End PBXResourcesBuildPhase section */

/* Begin PBXShellScriptBuildPhase section */
		2C4DBDDE06E7D7FA1ACE4900 /* [CP] Check Pods Manifest.lock */ = {
			isa = PBXShellScriptBuildPhase;
			buildActionMask = 2147483647;
			files = (
			);
			inputPaths = (
				"${PODS_PODFILE_DIR_PATH}/Podfile.lock",
				"${PODS_ROOT}/Manifest.lock",
			);
			name = "[CP] Check Pods Manifest.lock";
			outputPaths = (
				"$(DERIVED_FILE_DIR)/Pods-Feast-fbuUITests-checkManifestLockResult.txt",
			);
			runOnlyForDeploymentPostprocessing = 0;
			shellPath = /bin/sh;
			shellScript = "diff \"${PODS_PODFILE_DIR_PATH}/Podfile.lock\" \"${PODS_ROOT}/Manifest.lock\" > /dev/null\nif [ $? != 0 ] ; then\n    # print error to STDERR\n    echo \"error: The sandbox is not in sync with the Podfile.lock. Run 'pod install' or update your CocoaPods installation.\" >&2\n    exit 1\nfi\n# This output is used by Xcode 'outputs' to avoid re-running this script phase.\necho \"SUCCESS\" > \"${SCRIPT_OUTPUT_FILE_0}\"\n";
			showEnvVarsInLog = 0;
		};
		5709B48E6941B00AA67A6081 /* [CP] Check Pods Manifest.lock */ = {
			isa = PBXShellScriptBuildPhase;
			buildActionMask = 2147483647;
			files = (
			);
			inputPaths = (
				"${PODS_PODFILE_DIR_PATH}/Podfile.lock",
				"${PODS_ROOT}/Manifest.lock",
			);
			name = "[CP] Check Pods Manifest.lock";
			outputPaths = (
				"$(DERIVED_FILE_DIR)/Pods-Feast-fbuTests-checkManifestLockResult.txt",
			);
			runOnlyForDeploymentPostprocessing = 0;
			shellPath = /bin/sh;
			shellScript = "diff \"${PODS_PODFILE_DIR_PATH}/Podfile.lock\" \"${PODS_ROOT}/Manifest.lock\" > /dev/null\nif [ $? != 0 ] ; then\n    # print error to STDERR\n    echo \"error: The sandbox is not in sync with the Podfile.lock. Run 'pod install' or update your CocoaPods installation.\" >&2\n    exit 1\nfi\n# This output is used by Xcode 'outputs' to avoid re-running this script phase.\necho \"SUCCESS\" > \"${SCRIPT_OUTPUT_FILE_0}\"\n";
			showEnvVarsInLog = 0;
		};
		B896D46EF9F7E2D7E882F6F7 /* [CP] Check Pods Manifest.lock */ = {
			isa = PBXShellScriptBuildPhase;
			buildActionMask = 2147483647;
			files = (
			);
			inputPaths = (
				"${PODS_PODFILE_DIR_PATH}/Podfile.lock",
				"${PODS_ROOT}/Manifest.lock",
			);
			name = "[CP] Check Pods Manifest.lock";
			outputPaths = (
				"$(DERIVED_FILE_DIR)/Pods-Feast-fbu-checkManifestLockResult.txt",
			);
			runOnlyForDeploymentPostprocessing = 0;
			shellPath = /bin/sh;
			shellScript = "diff \"${PODS_PODFILE_DIR_PATH}/Podfile.lock\" \"${PODS_ROOT}/Manifest.lock\" > /dev/null\nif [ $? != 0 ] ; then\n    # print error to STDERR\n    echo \"error: The sandbox is not in sync with the Podfile.lock. Run 'pod install' or update your CocoaPods installation.\" >&2\n    exit 1\nfi\n# This output is used by Xcode 'outputs' to avoid re-running this script phase.\necho \"SUCCESS\" > \"${SCRIPT_OUTPUT_FILE_0}\"\n";
			showEnvVarsInLog = 0;
		};
		CBFC46F935F7D9ECEC9945DF /* [CP] Copy Pods Resources */ = {
			isa = PBXShellScriptBuildPhase;
			buildActionMask = 2147483647;
			files = (
			);
			inputPaths = (
				"${SRCROOT}/Pods/Target Support Files/Pods-Feast-fbu/Pods-Feast-fbu-resources.sh",
				"${PODS_ROOT}/DateTools/DateTools/DateTools/DateTools.bundle",
				"${PODS_CONFIGURATION_BUILD_DIR}/Parse/Parse.bundle",
				"${PODS_ROOT}/ParseUI/ParseUI/Resources/Localization/en.lproj",
				"${PODS_ROOT}/ParseUI/ParseUI/Resources/Localization/fr.lproj",
				"${PODS_ROOT}/ParseUI/ParseUI/Resources/Localization/pt-BR.lproj",
				"${PODS_ROOT}/SVProgressHUD/SVProgressHUD/SVProgressHUD.bundle",
			);
			name = "[CP] Copy Pods Resources";
			outputPaths = (
				"${TARGET_BUILD_DIR}/${UNLOCALIZED_RESOURCES_FOLDER_PATH}/DateTools.bundle",
				"${TARGET_BUILD_DIR}/${UNLOCALIZED_RESOURCES_FOLDER_PATH}/Parse.bundle",
				"${TARGET_BUILD_DIR}/${UNLOCALIZED_RESOURCES_FOLDER_PATH}/en.lproj",
				"${TARGET_BUILD_DIR}/${UNLOCALIZED_RESOURCES_FOLDER_PATH}/fr.lproj",
				"${TARGET_BUILD_DIR}/${UNLOCALIZED_RESOURCES_FOLDER_PATH}/pt-BR.lproj",
				"${TARGET_BUILD_DIR}/${UNLOCALIZED_RESOURCES_FOLDER_PATH}/SVProgressHUD.bundle",
			);
			runOnlyForDeploymentPostprocessing = 0;
			shellPath = /bin/sh;
			shellScript = "\"${SRCROOT}/Pods/Target Support Files/Pods-Feast-fbu/Pods-Feast-fbu-resources.sh\"\n";
			showEnvVarsInLog = 0;
		};
/* End PBXShellScriptBuildPhase section */

/* Begin PBXSourcesBuildPhase section */
		2981332F20FFEDF6003FD11C /* Sources */ = {
			isa = PBXSourcesBuildPhase;
			buildActionMask = 2147483647;
			files = (
				5874012C210B8B6E000425F3 /* DetailRecipeTableViewCell.m in Sources */,
				299699962112209B00C83061 /* PostCollectionViewCell.m in Sources */,
				2981334620FFEDF7003FD11C /* main.m in Sources */,
				298E337E2101092600290BF4 /* LeaderboardViewController.m in Sources */,
				2981333820FFEDF6003FD11C /* AppDelegate.m in Sources */,
				583DD38521010E2E00A2C40F /* PopularMealsCell.m in Sources */,
				5874010D210681C3000425F3 /* ExternalProfileViewController.m in Sources */,
				58BB7CD72114E1F40097A046 /* CourseTypeTableViewCell.m in Sources */,
				587401182107F969000425F3 /* Comment.m in Sources */,
				290F36F92106B1FB00A1B704 /* Saved.m in Sources */,
				583DD38421010E2E00A2C40F /* RecipeTableViewCell.m in Sources */,
				587401032106652E000425F3 /* Follow.m in Sources */,
				29CC2570210116F900BD6C01 /* Post.m in Sources */,
				58BB7CDA2114E20E0097A046 /* TagCollectionViewCell.m in Sources */,
				29853C402108FE5200971E56 /* SavedRecipesCollectionViewCell.m in Sources */,
				29853C3D2108FE1E00971E56 /* SavedRecipesViewController.m in Sources */,
				29CC257C210148EF00BD6C01 /* CreatePostViewController.m in Sources */,
				214F5DA2210A9F0E00A47BC8 /* SuggestedTableViewCell.m in Sources */,
				587401152107F92A000425F3 /* Like.m in Sources */,
				5874011D21091E94000425F3 /* CommentsViewController.m in Sources */,
				2135FC84210681EB00543AF7 /* TimelineViewCell.m in Sources */,
				58BB7CD42114DF1F0097A046 /* SearchResultsViewController.m in Sources */,
				58BB7CD12114DF0A0097A046 /* SearchViewController.m in Sources */,
				58740129210B8B1E000425F3 /* RecipeDetailViewController.m in Sources */,
				2135FC812106819800543AF7 /* TimelineViewController.m in Sources */,
				5874012021091F40000425F3 /* CommentCell.m in Sources */,
				589382D021111E870045670D /* Tag.m in Sources */,
				298E33722100F23800290BF4 /* Recipe.m in Sources */,
				29CC2576210131EB00BD6C01 /* DetailViewController.m in Sources */,
				298E337B2101091900290BF4 /* DiscoveryViewController.m in Sources */,
				589382D6211262FA0045670D /* AutofillResultCellTableViewCell.m in Sources */,
				297420792106557500B30175 /* DetailedPostViewController.m in Sources */,
				214F5DA8210A9F5400A47BC8 /* SuggestedViewController.m in Sources */,
				298E33752100F82500290BF4 /* ProfileViewController.m in Sources */,
				29CC258221015A7600BD6C01 /* RecipeTableViewCellHeaderCell.m in Sources */,
				298E33782101067A00290BF4 /* LoginViewController.m in Sources */,
			);
			runOnlyForDeploymentPostprocessing = 0;
		};
		2981334720FFEDF7003FD11C /* Sources */ = {
			isa = PBXSourcesBuildPhase;
			buildActionMask = 2147483647;
			files = (
				2981335020FFEDF7003FD11C /* Feast_fbuTests.m in Sources */,
			);
			runOnlyForDeploymentPostprocessing = 0;
		};
		2981335220FFEDF7003FD11C /* Sources */ = {
			isa = PBXSourcesBuildPhase;
			buildActionMask = 2147483647;
			files = (
				2981335B20FFEDF7003FD11C /* Feast_fbuUITests.m in Sources */,
			);
			runOnlyForDeploymentPostprocessing = 0;
		};
/* End PBXSourcesBuildPhase section */

/* Begin PBXTargetDependency section */
		2981334D20FFEDF7003FD11C /* PBXTargetDependency */ = {
			isa = PBXTargetDependency;
			target = 2981333220FFEDF6003FD11C /* Feast-fbu */;
			targetProxy = 2981334C20FFEDF7003FD11C /* PBXContainerItemProxy */;
		};
		2981335820FFEDF7003FD11C /* PBXTargetDependency */ = {
			isa = PBXTargetDependency;
			target = 2981333220FFEDF6003FD11C /* Feast-fbu */;
			targetProxy = 2981335720FFEDF7003FD11C /* PBXContainerItemProxy */;
		};
/* End PBXTargetDependency section */

/* Begin PBXVariantGroup section */
		297420742106551200B30175 /* DetailedPost.storyboard */ = {
			isa = PBXVariantGroup;
			children = (
				297420752106551200B30175 /* Base */,
			);
			name = DetailedPost.storyboard;
			sourceTree = "<group>";
		};
		2981333C20FFEDF6003FD11C /* Main.storyboard */ = {
			isa = PBXVariantGroup;
			children = (
				2981333D20FFEDF6003FD11C /* Base */,
			);
			name = Main.storyboard;
			sourceTree = "<group>";
		};
		2981334120FFEDF7003FD11C /* LaunchScreen.storyboard */ = {
			isa = PBXVariantGroup;
			children = (
				2981334220FFEDF7003FD11C /* Base */,
			);
			name = LaunchScreen.storyboard;
			sourceTree = "<group>";
		};
		29853C382108FC5F00971E56 /* SavedRecipes.storyboard */ = {
			isa = PBXVariantGroup;
			children = (
				29853C392108FC5F00971E56 /* Base */,
			);
			name = SavedRecipes.storyboard;
			sourceTree = "<group>";
		};
		29CC25712101311500BD6C01 /* DetailedRecipe.storyboard */ = {
			isa = PBXVariantGroup;
			children = (
				29CC25722101311500BD6C01 /* Base */,
			);
			name = DetailedRecipe.storyboard;
			sourceTree = "<group>";
		};
		58BB7CC92114D5370097A046 /* Search.storyboard */ = {
			isa = PBXVariantGroup;
			children = (
				58BB7CCA2114D5370097A046 /* Base */,
			);
			name = Search.storyboard;
			sourceTree = "<group>";
		};
		58BB7CCC2114D54B0097A046 /* RecipeResults.storyboard */ = {
			isa = PBXVariantGroup;
			children = (
				58BB7CCD2114D54B0097A046 /* Base */,
			);
			name = RecipeResults.storyboard;
			sourceTree = "<group>";
		};
/* End PBXVariantGroup section */

/* Begin XCBuildConfiguration section */
		2981335D20FFEDF7003FD11C /* Debug */ = {
			isa = XCBuildConfiguration;
			buildSettings = {
				ALWAYS_SEARCH_USER_PATHS = NO;
				CLANG_ANALYZER_NONNULL = YES;
				CLANG_ANALYZER_NUMBER_OBJECT_CONVERSION = YES_AGGRESSIVE;
				CLANG_CXX_LANGUAGE_STANDARD = "gnu++14";
				CLANG_CXX_LIBRARY = "libc++";
				CLANG_ENABLE_MODULES = YES;
				CLANG_ENABLE_OBJC_ARC = YES;
				CLANG_ENABLE_OBJC_WEAK = YES;
				CLANG_WARN_BLOCK_CAPTURE_AUTORELEASING = YES;
				CLANG_WARN_BOOL_CONVERSION = YES;
				CLANG_WARN_COMMA = YES;
				CLANG_WARN_CONSTANT_CONVERSION = YES;
				CLANG_WARN_DEPRECATED_OBJC_IMPLEMENTATIONS = YES;
				CLANG_WARN_DIRECT_OBJC_ISA_USAGE = YES_ERROR;
				CLANG_WARN_DOCUMENTATION_COMMENTS = YES;
				CLANG_WARN_EMPTY_BODY = YES;
				CLANG_WARN_ENUM_CONVERSION = YES;
				CLANG_WARN_INFINITE_RECURSION = YES;
				CLANG_WARN_INT_CONVERSION = YES;
				CLANG_WARN_NON_LITERAL_NULL_CONVERSION = YES;
				CLANG_WARN_OBJC_IMPLICIT_RETAIN_SELF = YES;
				CLANG_WARN_OBJC_LITERAL_CONVERSION = YES;
				CLANG_WARN_OBJC_ROOT_CLASS = YES_ERROR;
				CLANG_WARN_RANGE_LOOP_ANALYSIS = YES;
				CLANG_WARN_STRICT_PROTOTYPES = YES;
				CLANG_WARN_SUSPICIOUS_MOVE = YES;
				CLANG_WARN_UNGUARDED_AVAILABILITY = YES_AGGRESSIVE;
				CLANG_WARN_UNREACHABLE_CODE = YES;
				CLANG_WARN__DUPLICATE_METHOD_MATCH = YES;
				CODE_SIGN_IDENTITY = "iPhone Developer";
				COPY_PHASE_STRIP = NO;
				DEBUG_INFORMATION_FORMAT = dwarf;
				ENABLE_STRICT_OBJC_MSGSEND = YES;
				ENABLE_TESTABILITY = YES;
				GCC_C_LANGUAGE_STANDARD = gnu11;
				GCC_DYNAMIC_NO_PIC = NO;
				GCC_NO_COMMON_BLOCKS = YES;
				GCC_OPTIMIZATION_LEVEL = 0;
				GCC_PREPROCESSOR_DEFINITIONS = (
					"DEBUG=1",
					"$(inherited)",
				);
				GCC_WARN_64_TO_32_BIT_CONVERSION = YES;
				GCC_WARN_ABOUT_RETURN_TYPE = YES_ERROR;
				GCC_WARN_UNDECLARED_SELECTOR = YES;
				GCC_WARN_UNINITIALIZED_AUTOS = YES_AGGRESSIVE;
				GCC_WARN_UNUSED_FUNCTION = YES;
				GCC_WARN_UNUSED_VARIABLE = YES;
				IPHONEOS_DEPLOYMENT_TARGET = 11.4;
				MTL_ENABLE_DEBUG_INFO = YES;
				ONLY_ACTIVE_ARCH = YES;
				SDKROOT = iphoneos;
			};
			name = Debug;
		};
		2981335E20FFEDF7003FD11C /* Release */ = {
			isa = XCBuildConfiguration;
			buildSettings = {
				ALWAYS_SEARCH_USER_PATHS = NO;
				CLANG_ANALYZER_NONNULL = YES;
				CLANG_ANALYZER_NUMBER_OBJECT_CONVERSION = YES_AGGRESSIVE;
				CLANG_CXX_LANGUAGE_STANDARD = "gnu++14";
				CLANG_CXX_LIBRARY = "libc++";
				CLANG_ENABLE_MODULES = YES;
				CLANG_ENABLE_OBJC_ARC = YES;
				CLANG_ENABLE_OBJC_WEAK = YES;
				CLANG_WARN_BLOCK_CAPTURE_AUTORELEASING = YES;
				CLANG_WARN_BOOL_CONVERSION = YES;
				CLANG_WARN_COMMA = YES;
				CLANG_WARN_CONSTANT_CONVERSION = YES;
				CLANG_WARN_DEPRECATED_OBJC_IMPLEMENTATIONS = YES;
				CLANG_WARN_DIRECT_OBJC_ISA_USAGE = YES_ERROR;
				CLANG_WARN_DOCUMENTATION_COMMENTS = YES;
				CLANG_WARN_EMPTY_BODY = YES;
				CLANG_WARN_ENUM_CONVERSION = YES;
				CLANG_WARN_INFINITE_RECURSION = YES;
				CLANG_WARN_INT_CONVERSION = YES;
				CLANG_WARN_NON_LITERAL_NULL_CONVERSION = YES;
				CLANG_WARN_OBJC_IMPLICIT_RETAIN_SELF = YES;
				CLANG_WARN_OBJC_LITERAL_CONVERSION = YES;
				CLANG_WARN_OBJC_ROOT_CLASS = YES_ERROR;
				CLANG_WARN_RANGE_LOOP_ANALYSIS = YES;
				CLANG_WARN_STRICT_PROTOTYPES = YES;
				CLANG_WARN_SUSPICIOUS_MOVE = YES;
				CLANG_WARN_UNGUARDED_AVAILABILITY = YES_AGGRESSIVE;
				CLANG_WARN_UNREACHABLE_CODE = YES;
				CLANG_WARN__DUPLICATE_METHOD_MATCH = YES;
				CODE_SIGN_IDENTITY = "iPhone Developer";
				COPY_PHASE_STRIP = NO;
				DEBUG_INFORMATION_FORMAT = "dwarf-with-dsym";
				ENABLE_NS_ASSERTIONS = NO;
				ENABLE_STRICT_OBJC_MSGSEND = YES;
				GCC_C_LANGUAGE_STANDARD = gnu11;
				GCC_NO_COMMON_BLOCKS = YES;
				GCC_WARN_64_TO_32_BIT_CONVERSION = YES;
				GCC_WARN_ABOUT_RETURN_TYPE = YES_ERROR;
				GCC_WARN_UNDECLARED_SELECTOR = YES;
				GCC_WARN_UNINITIALIZED_AUTOS = YES_AGGRESSIVE;
				GCC_WARN_UNUSED_FUNCTION = YES;
				GCC_WARN_UNUSED_VARIABLE = YES;
				IPHONEOS_DEPLOYMENT_TARGET = 11.4;
				MTL_ENABLE_DEBUG_INFO = NO;
				SDKROOT = iphoneos;
				VALIDATE_PRODUCT = YES;
			};
			name = Release;
		};
		2981336020FFEDF7003FD11C /* Debug */ = {
			isa = XCBuildConfiguration;
			baseConfigurationReference = F3992A16107A66DB09AA173D /* Pods-Feast-fbu.debug.xcconfig */;
			buildSettings = {
				ASSETCATALOG_COMPILER_APPICON_NAME = AppIcon;
				CODE_SIGN_STYLE = Automatic;
				DEVELOPMENT_TEAM = 8XY78Q2YPY;
				INFOPLIST_FILE = "Feast-fbu/Info.plist";
				IPHONEOS_DEPLOYMENT_TARGET = 11.3;
				LD_RUNPATH_SEARCH_PATHS = (
					"$(inherited)",
					"@executable_path/Frameworks",
				);
				PRODUCT_BUNDLE_IDENTIFIER = "com.twiggs.Feast-fbu";
				PRODUCT_NAME = "$(TARGET_NAME)";
				TARGETED_DEVICE_FAMILY = "1,2";
			};
			name = Debug;
		};
		2981336120FFEDF7003FD11C /* Release */ = {
			isa = XCBuildConfiguration;
			baseConfigurationReference = 0AF6C67F8BBF30F171F9976E /* Pods-Feast-fbu.release.xcconfig */;
			buildSettings = {
				ASSETCATALOG_COMPILER_APPICON_NAME = AppIcon;
				CODE_SIGN_STYLE = Automatic;
				DEVELOPMENT_TEAM = 8XY78Q2YPY;
				INFOPLIST_FILE = "Feast-fbu/Info.plist";
				IPHONEOS_DEPLOYMENT_TARGET = 11.3;
				LD_RUNPATH_SEARCH_PATHS = (
					"$(inherited)",
					"@executable_path/Frameworks",
				);
				PRODUCT_BUNDLE_IDENTIFIER = "com.twiggs.Feast-fbu";
				PRODUCT_NAME = "$(TARGET_NAME)";
				TARGETED_DEVICE_FAMILY = "1,2";
			};
			name = Release;
		};
		2981336320FFEDF7003FD11C /* Debug */ = {
			isa = XCBuildConfiguration;
			baseConfigurationReference = 71BE23A7132DCFE14D5584F8 /* Pods-Feast-fbuTests.debug.xcconfig */;
			buildSettings = {
				BUNDLE_LOADER = "$(TEST_HOST)";
				CODE_SIGN_STYLE = Automatic;
				INFOPLIST_FILE = "Feast-fbuTests/Info.plist";
				LD_RUNPATH_SEARCH_PATHS = (
					"$(inherited)",
					"@executable_path/Frameworks",
					"@loader_path/Frameworks",
				);
				PRODUCT_BUNDLE_IDENTIFIER = "com.codepath.Feast-fbuTests";
				PRODUCT_NAME = "$(TARGET_NAME)";
				TARGETED_DEVICE_FAMILY = "1,2";
				TEST_HOST = "$(BUILT_PRODUCTS_DIR)/Feast-fbu.app/Feast-fbu";
			};
			name = Debug;
		};
		2981336420FFEDF7003FD11C /* Release */ = {
			isa = XCBuildConfiguration;
			baseConfigurationReference = 13387CB94CC3B84C1041C9C3 /* Pods-Feast-fbuTests.release.xcconfig */;
			buildSettings = {
				BUNDLE_LOADER = "$(TEST_HOST)";
				CODE_SIGN_STYLE = Automatic;
				INFOPLIST_FILE = "Feast-fbuTests/Info.plist";
				LD_RUNPATH_SEARCH_PATHS = (
					"$(inherited)",
					"@executable_path/Frameworks",
					"@loader_path/Frameworks",
				);
				PRODUCT_BUNDLE_IDENTIFIER = "com.codepath.Feast-fbuTests";
				PRODUCT_NAME = "$(TARGET_NAME)";
				TARGETED_DEVICE_FAMILY = "1,2";
				TEST_HOST = "$(BUILT_PRODUCTS_DIR)/Feast-fbu.app/Feast-fbu";
			};
			name = Release;
		};
		2981336620FFEDF7003FD11C /* Debug */ = {
			isa = XCBuildConfiguration;
			baseConfigurationReference = 2CA6BE7050E61B151F184B50 /* Pods-Feast-fbuUITests.debug.xcconfig */;
			buildSettings = {
				CODE_SIGN_STYLE = Automatic;
				INFOPLIST_FILE = "Feast-fbuUITests/Info.plist";
				LD_RUNPATH_SEARCH_PATHS = (
					"$(inherited)",
					"@executable_path/Frameworks",
					"@loader_path/Frameworks",
				);
				PRODUCT_BUNDLE_IDENTIFIER = "com.codepath.Feast-fbuUITests";
				PRODUCT_NAME = "$(TARGET_NAME)";
				TARGETED_DEVICE_FAMILY = "1,2";
				TEST_TARGET_NAME = "Feast-fbu";
			};
			name = Debug;
		};
		2981336720FFEDF7003FD11C /* Release */ = {
			isa = XCBuildConfiguration;
			baseConfigurationReference = 6ADE14948C125656DA4A20A5 /* Pods-Feast-fbuUITests.release.xcconfig */;
			buildSettings = {
				CODE_SIGN_STYLE = Automatic;
				INFOPLIST_FILE = "Feast-fbuUITests/Info.plist";
				LD_RUNPATH_SEARCH_PATHS = (
					"$(inherited)",
					"@executable_path/Frameworks",
					"@loader_path/Frameworks",
				);
				PRODUCT_BUNDLE_IDENTIFIER = "com.codepath.Feast-fbuUITests";
				PRODUCT_NAME = "$(TARGET_NAME)";
				TARGETED_DEVICE_FAMILY = "1,2";
				TEST_TARGET_NAME = "Feast-fbu";
			};
			name = Release;
		};
/* End XCBuildConfiguration section */

/* Begin XCConfigurationList section */
		2981332E20FFEDF6003FD11C /* Build configuration list for PBXProject "Feast-fbu" */ = {
			isa = XCConfigurationList;
			buildConfigurations = (
				2981335D20FFEDF7003FD11C /* Debug */,
				2981335E20FFEDF7003FD11C /* Release */,
			);
			defaultConfigurationIsVisible = 0;
			defaultConfigurationName = Release;
		};
		2981335F20FFEDF7003FD11C /* Build configuration list for PBXNativeTarget "Feast-fbu" */ = {
			isa = XCConfigurationList;
			buildConfigurations = (
				2981336020FFEDF7003FD11C /* Debug */,
				2981336120FFEDF7003FD11C /* Release */,
			);
			defaultConfigurationIsVisible = 0;
			defaultConfigurationName = Release;
		};
		2981336220FFEDF7003FD11C /* Build configuration list for PBXNativeTarget "Feast-fbuTests" */ = {
			isa = XCConfigurationList;
			buildConfigurations = (
				2981336320FFEDF7003FD11C /* Debug */,
				2981336420FFEDF7003FD11C /* Release */,
			);
			defaultConfigurationIsVisible = 0;
			defaultConfigurationName = Release;
		};
		2981336520FFEDF7003FD11C /* Build configuration list for PBXNativeTarget "Feast-fbuUITests" */ = {
			isa = XCConfigurationList;
			buildConfigurations = (
				2981336620FFEDF7003FD11C /* Debug */,
				2981336720FFEDF7003FD11C /* Release */,
			);
			defaultConfigurationIsVisible = 0;
			defaultConfigurationName = Release;
		};
/* End XCConfigurationList section */
	};
	rootObject = 2981332B20FFEDF6003FD11C /* Project object */;
}
